
Microsoft Visual Studio Solution File, Format Version 12.00
# Visual Studio Version 17
VisualStudioVersion = 17.6.33829.357
MinimumVisualStudioVersion = 10.0.40219.1
Project("{FAE04EC0-301F-11D3-BF4B-00C04F79EFBC}") = "ADayAtTheRaces", "ADayAtTheRaces\ADayAtTheRaces.csproj", "{EA212F8E-1B46-4222-A8EF-BC5A9DE4484D}"
EndProject
Global
	GlobalSection(SolutionConfigurationPlatforms) = preSolution
		Debug|Any CPU = Debug|Any CPU
		Release|Any CPU = Release|Any CPU
	EndGlobalSection
	GlobalSection(ProjectConfigurationPlatforms) = postSolution
		{EA212F8E-1B46-4222-A8EF-BC5A9DE4484D}.Debug|Any CPU.ActiveCfg = Debug|Any CPU
		{EA212F8E-1B46-4222-A8EF-BC5A9DE4484D}.Debug|Any CPU.Build.0 = Debug|Any CPU
		{EA212F8E-1B46-4222-A8EF-BC5A9DE4484D}.Release|Any CPU.ActiveCfg = Release|Any CPU
		{EA212F8E-1B46-4222-A8EF-BC5A9DE4484D}.Release|Any CPU.Build.0 = Release|Any CPU
	EndGlobalSection
	GlobalSection(SolutionProperties) = preSolution
		HideSolutionNode = FALSE
	EndGlobalSection
	GlobalSection(ExtensibilityGlobals) = postSolution
		SolutionGuid = {4042EE4B-3C19-4986-B4D5-A1F4BCFCE639}
	EndGlobalSection
EndGlobal
